// !$*UTF8*$!
{
	archiveVersion = 1;
	classes = {
	};
	objectVersion = 48;
	objects = {

/* Begin PBXBuildFile section */
		809D316020BB99AF0017AC65 /* AppDelegate.swift in Sources */ = {isa = PBXBuildFile; fileRef = 809D315F20BB99AF0017AC65 /* AppDelegate.swift */; };
		809D316220BB99AF0017AC65 /* ViewController.swift in Sources */ = {isa = PBXBuildFile; fileRef = 809D316120BB99AF0017AC65 /* ViewController.swift */; };
		809D316520BB99AF0017AC65 /* Main.storyboard in Resources */ = {isa = PBXBuildFile; fileRef = 809D316320BB99AF0017AC65 /* Main.storyboard */; };
		809D316720BB99AF0017AC65 /* Assets.xcassets in Resources */ = {isa = PBXBuildFile; fileRef = 809D316620BB99AF0017AC65 /* Assets.xcassets */; };
		809D316A20BB99AF0017AC65 /* LaunchScreen.storyboard in Resources */ = {isa = PBXBuildFile; fileRef = 809D316820BB99AF0017AC65 /* LaunchScreen.storyboard */; };
		809D317220BB9A2A0017AC65 /* TableViewController.swift in Sources */ = {isa = PBXBuildFile; fileRef = 809D317120BB9A2A0017AC65 /* TableViewController.swift */; };
		809D317820BB9B240017AC65 /* NumberDataSource.swift in Sources */ = {isa = PBXBuildFile; fileRef = 809D317720BB9B240017AC65 /* NumberDataSource.swift */; };
		809D317A20BB9B370017AC65 /* StringDataSource.swift in Sources */ = {isa = PBXBuildFile; fileRef = 809D317920BB9B370017AC65 /* StringDataSource.swift */; };
/* End PBXBuildFile section */

/* Begin PBXFileReference section */
		809D315C20BB99AF0017AC65 /* Tách delegate and datasoure.app */ = {isa = PBXFileReference; explicitFileType = wrapper.application; includeInIndex = 0; path = "Tách delegate and datasoure.app"; sourceTree = BUILT_PRODUCTS_DIR; };
		809D315F20BB99AF0017AC65 /* AppDelegate.swift */ = {isa = PBXFileReference; lastKnownFileType = sourcecode.swift; path = AppDelegate.swift; sourceTree = "<group>"; };
		809D316120BB99AF0017AC65 /* ViewController.swift */ = {isa = PBXFileReference; lastKnownFileType = sourcecode.swift; path = ViewController.swift; sourceTree = "<group>"; };
		809D316420BB99AF0017AC65 /* Base */ = {isa = PBXFileReference; lastKnownFileType = file.storyboard; name = Base; path = Base.lproj/Main.storyboard; sourceTree = "<group>"; };
		809D316620BB99AF0017AC65 /* Assets.xcassets */ = {isa = PBXFileReference; lastKnownFileType = folder.assetcatalog; path = Assets.xcassets; sourceTree = "<group>"; };
		809D316920BB99AF0017AC65 /* Base */ = {isa = PBXFileReference; lastKnownFileType = file.storyboard; name = Base; path = Base.lproj/LaunchScreen.storyboard; sourceTree = "<group>"; };
		809D316B20BB99AF0017AC65 /* Info.plist */ = {isa = PBXFileReference; lastKnownFileType = text.plist.xml; path = Info.plist; sourceTree = "<group>"; };
		809D317120BB9A2A0017AC65 /* TableViewController.swift */ = {isa = PBXFileReference; lastKnownFileType = sourcecode.swift; path = TableViewController.swift; sourceTree = "<group>"; };
		809D317720BB9B240017AC65 /* NumberDataSource.swift */ = {isa = PBXFileReference; lastKnownFileType = sourcecode.swift; path = NumberDataSource.swift; sourceTree = "<group>"; };
		809D317920BB9B370017AC65 /* StringDataSource.swift */ = {isa = PBXFileReference; lastKnownFileType = sourcecode.swift; path = StringDataSource.swift; sourceTree = "<group>"; };
/* End PBXFileReference section */

/* Begin PBXFrameworksBuildPhase section */
		809D315920BB99AF0017AC65 /* Frameworks */ = {
			isa = PBXFrameworksBuildPhase;
			buildActionMask = 2147483647;
			files = (
			);
			runOnlyForDeploymentPostprocessing = 0;
		};
/* End PBXFrameworksBuildPhase section */

/* Begin PBXGroup section */
		809D315320BB99AF0017AC65 = {
			isa = PBXGroup;
			children = (
				809D315E20BB99AF0017AC65 /* Tách delegate and datasoure */,
				809D315D20BB99AF0017AC65 /* Products */,
			);
			sourceTree = "<group>";
		};
		809D315D20BB99AF0017AC65 /* Products */ = {
			isa = PBXGroup;
			children = (
				809D315C20BB99AF0017AC65 /* Tách delegate and datasoure.app */,
			);
			name = Products;
			sourceTree = "<group>";
		};
		809D315E20BB99AF0017AC65 /* Tách delegate and datasoure */ = {
			isa = PBXGroup;
			children = (
				809D315F20BB99AF0017AC65 /* AppDelegate.swift */,
				809D316120BB99AF0017AC65 /* ViewController.swift */,
				809D317120BB9A2A0017AC65 /* TableViewController.swift */,
				809D316320BB99AF0017AC65 /* Main.storyboard */,
				809D317720BB9B240017AC65 /* NumberDataSource.swift */,
				809D317920BB9B370017AC65 /* StringDataSource.swift */,
				809D316620BB99AF0017AC65 /* Assets.xcassets */,
				809D316820BB99AF0017AC65 /* LaunchScreen.storyboard */,
				809D316B20BB99AF0017AC65 /* Info.plist */,
			);
			path = "Tách delegate and datasoure";
			sourceTree = "<group>";
		};
/* End PBXGroup section */

/* Begin PBXNativeTarget section */
		809D315B20BB99AF0017AC65 /* Tách delegate and datasoure */ = {
			isa = PBXNativeTarget;
			buildConfigurationList = 809D316E20BB99AF0017AC65 /* Build configuration list for PBXNativeTarget "Tách delegate and datasoure" */;
			buildPhases = (
				809D315820BB99AF0017AC65 /* Sources */,
				809D315920BB99AF0017AC65 /* Frameworks */,
				809D315A20BB99AF0017AC65 /* Resources */,
			);
			buildRules = (
			);
			dependencies = (
			);
			name = "Tách delegate and datasoure";
			productName = "Tách delegate and datasoure";
			productReference = 809D315C20BB99AF0017AC65 /* Tách delegate and datasoure.app */;
			productType = "com.apple.product-type.application";
		};
/* End PBXNativeTarget section */

/* Begin PBXProject section */
		809D315420BB99AF0017AC65 /* Project object */ = {
			isa = PBXProject;
			attributes = {
				LastSwiftUpdateCheck = 0920;
				LastUpgradeCheck = 0920;
				ORGANIZATIONNAME = "ưqww";
				TargetAttributes = {
					809D315B20BB99AF0017AC65 = {
						CreatedOnToolsVersion = 9.2;
						ProvisioningStyle = Automatic;
					};
				};
			};
			buildConfigurationList = 809D315720BB99AF0017AC65 /* Build configuration list for PBXProject "Tách delegate and datasoure" */;
			compatibilityVersion = "Xcode 8.0";
			developmentRegion = en;
			hasScannedForEncodings = 0;
			knownRegions = (
				en,
				Base,
			);
			mainGroup = 809D315320BB99AF0017AC65;
			productRefGroup = 809D315D20BB99AF0017AC65 /* Products */;
			projectDirPath = "";
			projectRoot = "";
			targets = (
				809D315B20BB99AF0017AC65 /* Tách delegate and datasoure */,
			);
		};
/* End PBXProject section */

/* Begin PBXResourcesBuildPhase section */
		809D315A20BB99AF0017AC65 /* Resources */ = {
			isa = PBXResourcesBuildPhase;
			buildActionMask = 2147483647;
			files = (
				809D316A20BB99AF0017AC65 /* LaunchScreen.storyboard in Resources */,
				809D316720BB99AF0017AC65 /* Assets.xcassets in Resources */,
				809D316520BB99AF0017AC65 /* Main.storyboard in Resources */,
			);
			runOnlyForDeploymentPostprocessing = 0;
		};
/* End PBXResourcesBuildPhase section */

/* Begin PBXSourcesBuildPhase section */
		809D315820BB99AF0017AC65 /* Sources */ = {
			isa = PBXSourcesBuildPhase;
			buildActionMask = 2147483647;
			files = (
				809D316220BB99AF0017AC65 /* ViewController.swift in Sources */,
				809D317820BB9B240017AC65 /* NumberDataSource.swift in Sources */,
				809D317A20BB9B370017AC65 /* StringDataSource.swift in Sources */,
				809D317220BB9A2A0017AC65 /* TableViewController.swift in Sources */,
				809D316020BB99AF0017AC65 /* AppDelegate.swift in Sources */,
			);
			runOnlyForDeploymentPostprocessing = 0;
		};
/* End PBXSourcesBuildPhase section */

/* Begin PBXVariantGroup section */
		809D316320BB99AF0017AC65 /* Main.storyboard */ = {
			isa = PBXVariantGroup;
			children = (
				809D316420BB99AF0017AC65 /* Base */,
			);
			name = Main.storyboard;
			sourceTree = "<group>";
		};
		809D316820BB99AF0017AC65 /* LaunchScreen.storyboard */ = {
			isa = PBXVariantGroup;
			children = (
				809D316920BB99AF0017AC65 /* Base */,
			);
			name = LaunchScreen.storyboard;
			sourceTree = "<group>";
		};
/* End PBXVariantGroup section */

/* Begin XCBuildConfiguration section */
		809D316C20BB99AF0017AC65 /* Debug */ = {
			isa = XCBuildConfiguration;
			buildSettings = {
				ALWAYS_SEARCH_USER_PATHS = NO;
				CLANG_ANALYZER_NONNULL = YES;
				CLANG_ANALYZER_NUMBER_OBJECT_CONVERSION = YES_AGGRESSIVE;
				CLANG_CXX_LANGUAGE_STANDARD = "gnu++14";
				CLANG_CXX_LIBRARY = "libc++";
				CLANG_ENABLE_MODULES = YES;
				CLANG_ENABLE_OBJC_ARC = YES;
				CLANG_WARN_BLOCK_CAPTURE_AUTORELEASING = YES;
				CLANG_WARN_BOOL_CONVERSION = YES;
				CLANG_WARN_COMMA = YES;
				CLANG_WARN_CONSTANT_CONVERSION = YES;
				CLANG_WARN_DIRECT_OBJC_ISA_USAGE = YES_ERROR;
				CLANG_WARN_DOCUMENTATION_COMMENTS = YES;
				CLANG_WARN_EMPTY_BODY = YES;
				CLANG_WARN_ENUM_CONVERSION = YES;
				CLANG_WARN_INFINITE_RECURSION = YES;
				CLANG_WARN_INT_CONVERSION = YES;
				CLANG_WARN_NON_LITERAL_NULL_CONVERSION = YES;
				CLANG_WARN_OBJC_LITERAL_CONVERSION = YES;
				CLANG_WARN_OBJC_ROOT_CLASS = YES_ERROR;
				CLANG_WARN_RANGE_LOOP_ANALYSIS = YES;
				CLANG_WARN_STRICT_PROTOTYPES = YES;
				CLANG_WARN_SUSPICIOUS_MOVE = YES;
				CLANG_WARN_UNGUARDED_AVAILABILITY = YES_AGGRESSIVE;
				CLANG_WARN_UNREACHABLE_CODE = YES;
				CLANG_WARN__DUPLICATE_METHOD_MATCH = YES;
				CODE_SIGN_IDENTITY = "iPhone Developer";
				COPY_PHASE_STRIP = NO;
				DEBUG_INFORMATION_FORMAT = dwarf;
				ENABLE_STRICT_OBJC_MSGSEND = YES;
				ENABLE_TESTABILITY = YES;
				GCC_C_LANGUAGE_STANDARD = gnu11;
				GCC_DYNAMIC_NO_PIC = NO;
				GCC_NO_COMMON_BLOCKS = YES;
				GCC_OPTIMIZATION_LEVEL = 0;
				GCC_PREPROCESSOR_DEFINITIONS = (
					"DEBUG=1",
					"$(inherited)",
				);
				GCC_WARN_64_TO_32_BIT_CONVERSION = YES;
				GCC_WARN_ABOUT_RETURN_TYPE = YES_ERROR;
				GCC_WARN_UNDECLARED_SELECTOR = YES;
				GCC_WARN_UNINITIALIZED_AUTOS = YES_AGGRESSIVE;
				GCC_WARN_UNUSED_FUNCTION = YES;
				GCC_WARN_UNUSED_VARIABLE = YES;
				IPHONEOS_DEPLOYMENT_TARGET = 11.2;
				MTL_ENABLE_DEBUG_INFO = YES;
				ONLY_ACTIVE_ARCH = YES;
				SDKROOT = iphoneos;
				SWIFT_ACTIVE_COMPILATION_CONDITIONS = DEBUG;
				SWIFT_OPTIMIZATION_LEVEL = "-Onone";
			};
			name = Debug;
		};
		809D316D20BB99AF0017AC65 /* Release */ = {
			isa = XCBuildConfiguration;
			buildSettings = {
				ALWAYS_SEARCH_USER_PATHS = NO;
				CLANG_ANALYZER_NONNULL = YES;
				CLANG_ANALYZER_NUMBER_OBJECT_CONVERSION = YES_AGGRESSIVE;
				CLANG_CXX_LANGUAGE_STANDARD = "gnu++14";
				CLANG_CXX_LIBRARY = "libc++";
				CLANG_ENABLE_MODULES = YES;
				CLANG_ENABLE_OBJC_ARC = YES;
				CLANG_WARN_BLOCK_CAPTURE_AUTORELEASING = YES;
				CLANG_WARN_BOOL_CONVERSION = YES;
				CLANG_WARN_COMMA = YES;
				CLANG_WARN_CONSTANT_CONVERSION = YES;
				CLANG_WARN_DIRECT_OBJC_ISA_USAGE = YES_ERROR;
				CLANG_WARN_DOCUMENTATION_COMMENTS = YES;
				CLANG_WARN_EMPTY_BODY = YES;
				CLANG_WARN_ENUM_CONVERSION = YES;
				CLANG_WARN_INFINITE_RECURSION = YES;
				CLANG_WARN_INT_CONVERSION = YES;
				CLANG_WARN_NON_LITERAL_NULL_CONVERSION = YES;
				CLANG_WARN_OBJC_LITERAL_CONVERSION = YES;
				CLANG_WARN_OBJC_ROOT_CLASS = YES_ERROR;
				CLANG_WARN_RANGE_LOOP_ANALYSIS = YES;
				CLANG_WARN_STRICT_PROTOTYPES = YES;
				CLANG_WARN_SUSPICIOUS_MOVE = YES;
				CLANG_WARN_UNGUARDED_AVAILABILITY = YES_AGGRESSIVE;
				CLANG_WARN_UNREACHABLE_CODE = YES;
				CLANG_WARN__DUPLICATE_METHOD_MATCH = YES;
				CODE_SIGN_IDENTITY = "iPhone Developer";
				COPY_PHASE_STRIP = NO;
				DEBUG_INFORMATION_FORMAT = "dwarf-with-dsym";
				ENABLE_NS_ASSERTIONS = NO;
				ENABLE_STRICT_OBJC_MSGSEND = YES;
				GCC_C_LANGUAGE_STANDARD = gnu11;
				GCC_NO_COMMON_BLOCKS = YES;
				GCC_WARN_64_TO_32_BIT_CONVERSION = YES;
				GCC_WARN_ABOUT_RETURN_TYPE = YES_ERROR;
				GCC_WARN_UNDECLARED_SELECTOR = YES;
				GCC_WARN_UNINITIALIZED_AUTOS = YES_AGGRESSIVE;
				GCC_WARN_UNUSED_FUNCTION = YES;
				GCC_WARN_UNUSED_VARIABLE = YES;
				IPHONEOS_DEPLOYMENT_TARGET = 11.2;
				MTL_ENABLE_DEBUG_INFO = NO;
				SDKROOT = iphoneos;
				SWIFT_OPTIMIZATION_LEVEL = "-Owholemodule";
				VALIDATE_PRODUCT = YES;
			};
			name = Release;
		};
		809D316F20BB99AF0017AC65 /* Debug */ = {
			isa = XCBuildConfiguration;
			buildSettings = {
				ASSETCATALOG_COMPILER_APPICON_NAME = AppIcon;
				CODE_SIGN_STYLE = Automatic;
				INFOPLIST_FILE = "Tách delegate and datasoure/Info.plist";
				LD_RUNPATH_SEARCH_PATHS = "$(inherited) @executable_path/Frameworks";
				PRODUCT_BUNDLE_IDENTIFIER = "DoHien.Ta-ch-delegate-and-datasoure";
				PRODUCT_NAME = "$(TARGET_NAME)";
				SWIFT_VERSION = 4.0;
				TARGETED_DEVICE_FAMILY = "1,2";
			};
			name = Debug;
		};
		809D317020BB99AF0017AC65 /* Release */ = {
			isa = XCBuildConfiguration;
			buildSettings = {
				ASSETCATALOG_COMPILER_APPICON_NAME = AppIcon;
				CODE_SIGN_STYLE = Automatic;
				INFOPLIST_FILE = "Tách delegate and datasoure/Info.plist";
				LD_RUNPATH_SEARCH_PATHS = "$(inherited) @executable_path/Frameworks";
				PRODUCT_BUNDLE_IDENTIFIER = "DoHien.Ta-ch-delegate-and-datasoure";
				PRODUCT_NAME = "$(TARGET_NAME)";
				SWIFT_VERSION = 4.0;
				TARGETED_DEVICE_FAMILY = "1,2";
			};
			name = Release;
		};
/* End XCBuildConfiguration section */

/* Begin XCConfigurationList section */
		809D315720BB99AF0017AC65 /* Build configuration list for PBXProject "Tách delegate and datasoure" */ = {
			isa = XCConfigurationList;
			buildConfigurations = (
				809D316C20BB99AF0017AC65 /* Debug */,
				809D316D20BB99AF0017AC65 /* Release */,
			);
			defaultConfigurationIsVisible = 0;
			defaultConfigurationName = Release;
		};
		809D316E20BB99AF0017AC65 /* Build configuration list for PBXNativeTarget "Tách delegate and datasoure" */ = {
			isa = XCConfigurationList;
			buildConfigurations = (
				809D316F20BB99AF0017AC65 /* Debug */,
				809D317020BB99AF0017AC65 /* Release */,
			);
			defaultConfigurationIsVisible = 0;
			defaultConfigurationName = Release;
		};
/* End XCConfigurationList section */
	};
	rootObject = 809D315420BB99AF0017AC65 /* Project object */;
}
